{
  "name": "miniprogram",
  "lockfileVersion": 3,
  "requires": true,
  "packages": {
    "": {
      "dependencies": {
        "coordtransform": "^2.1.2"
      }
    },
    "node_modules/coordtransform": {
      "version": "2.1.2",
      "resolved": "https://registry.npmjs.org/coordtransform/-/coordtransform-2.1.2.tgz",
      "integrity": "sha512-0xLJApBlrUP+clyLJWIaqg4GXE5JTbAJb5d/CDMqebIksAMMze8eAyO6YfHEIxWJ+c42mXoMHBzWTeUrG7RFhw=="
    }
  }
}
